
Microsoft Visual Studio Solution File, Format Version 12.00
# Visual Studio Version 17
VisualStudioVersion = 17.9.34728.123
MinimumVisualStudioVersion = 10.0.40219.1
Project("{FAE04EC0-301F-11D3-BF4B-00C04F79EFBC}") = "Worker_ServiceNetCore7", "Worker_ServiceNetCore7\Worker_ServiceNetCore7.csproj", "{AE0E2B0E-BE01-4FAA-BC10-8E55F7D9C602}"
EndProject
Project("{FAE04EC0-301F-11D3-BF4B-00C04F79EFBC}") = "SendEmail", "SendEmail\SendEmail.csproj", "{713E05AF-35DE-4A65-A677-69FB914C5114}"
EndProject
Global
	GlobalSection(SolutionConfigurationPlatforms) = preSolution
		Debug|Any CPU = Debug|Any CPU
		Release|Any CPU = Release|Any CPU
	EndGlobalSection
	GlobalSection(ProjectConfigurationPlatforms) = postSolution
		{AE0E2B0E-BE01-4FAA-BC10-8E55F7D9C602}.Debug|Any CPU.ActiveCfg = Debug|Any CPU
		{AE0E2B0E-BE01-4FAA-BC10-8E55F7D9C602}.Debug|Any CPU.Build.0 = Debug|Any CPU
		{AE0E2B0E-BE01-4FAA-BC10-8E55F7D9C602}.Release|Any CPU.ActiveCfg = Release|Any CPU
		{AE0E2B0E-BE01-4FAA-BC10-8E55F7D9C602}.Release|Any CPU.Build.0 = Release|Any CPU
		{713E05AF-35DE-4A65-A677-69FB914C5114}.Debug|Any CPU.ActiveCfg = Debug|Any CPU
		{713E05AF-35DE-4A65-A677-69FB914C5114}.Debug|Any CPU.Build.0 = Debug|Any CPU
		{713E05AF-35DE-4A65-A677-69FB914C5114}.Release|Any CPU.ActiveCfg = Release|Any CPU
		{713E05AF-35DE-4A65-A677-69FB914C5114}.Release|Any CPU.Build.0 = Release|Any CPU
	EndGlobalSection
	GlobalSection(SolutionProperties) = preSolution
		HideSolutionNode = FALSE
	EndGlobalSection
	GlobalSection(ExtensibilityGlobals) = postSolution
		SolutionGuid = {F2864FB8-7446-4D55-A12D-A95A9D5F20B7}
	EndGlobalSection
EndGlobal
